// !$*UTF8*$!
{
	archiveVersion = 1;
	classes = {
	};
	objectVersion = 50;
	objects = {

/* Begin PBXBuildFile section */
		4E431FA721FBA4350081CA52 /* OfferedRidesSectionHeaderCollectionViewCell.swift in Sources */ = {isa = PBXBuildFile; fileRef = 4E431FA621FBA4350081CA52 /* OfferedRidesSectionHeaderCollectionViewCell.swift */; };
		4E431FA921FE90810081CA52 /* CreateRideViewController.swift in Sources */ = {isa = PBXBuildFile; fileRef = 4E431FA821FE90810081CA52 /* CreateRideViewController.swift */; };
		4E431FAB21FE94AC0081CA52 /* RideDetailViewController.swift in Sources */ = {isa = PBXBuildFile; fileRef = 4E431FAA21FE94AC0081CA52 /* RideDetailViewController.swift */; };
		4E431FAD21FEA1F80081CA52 /* RideDetail.swift in Sources */ = {isa = PBXBuildFile; fileRef = 4E431FAC21FEA1F80081CA52 /* RideDetail.swift */; };
		4E49BFD92208C140002FB09A /* EmailSentViewController.swift in Sources */ = {isa = PBXBuildFile; fileRef = 4E49BFD82208C140002FB09A /* EmailSentViewController.swift */; };
		4E49BFDB2208C9F8002FB09A /* RideRequest.swift in Sources */ = {isa = PBXBuildFile; fileRef = 4E49BFDA2208C9F8002FB09A /* RideRequest.swift */; };
		4E49BFDD2208E363002FB09A /* LaunchScreen.storyboard in Resources */ = {isa = PBXBuildFile; fileRef = 4E49BFDC2208E363002FB09A /* LaunchScreen.storyboard */; };
		4E49BFDF220928F2002FB09A /* ResetPasswordViewController.swift in Sources */ = {isa = PBXBuildFile; fileRef = 4E49BFDE220928F2002FB09A /* ResetPasswordViewController.swift */; };
		4E49BFE3220940FC002FB09A /* MyStatusSectionHeaderCell.swift in Sources */ = {isa = PBXBuildFile; fileRef = 4E49BFE2220940FC002FB09A /* MyStatusSectionHeaderCell.swift */; };
		4E49BFE52209455F002FB09A /* MyStatus.swift in Sources */ = {isa = PBXBuildFile; fileRef = 4E49BFE42209455F002FB09A /* MyStatus.swift */; };
		4E8B4C722201219B002EC784 /* CreateRideCalendar.swift in Sources */ = {isa = PBXBuildFile; fileRef = 4E8B4C712201219B002EC784 /* CreateRideCalendar.swift */; };
		4E8B4C742201F290002EC784 /* MyStatusViewController.swift in Sources */ = {isa = PBXBuildFile; fileRef = 4E8B4C732201F290002EC784 /* MyStatusViewController.swift */; };
		4E8B4C7622023243002EC784 /* CreateRideTimePicker.swift in Sources */ = {isa = PBXBuildFile; fileRef = 4E8B4C7522023243002EC784 /* CreateRideTimePicker.swift */; };
		4E8B4C7822023A43002EC784 /* SearchLocationViewController.swift in Sources */ = {isa = PBXBuildFile; fileRef = 4E8B4C7722023A43002EC784 /* SearchLocationViewController.swift */; };
		4E8DD4FC2203B1190077D85C /* CreateRideProtocolsForPassingData.swift in Sources */ = {isa = PBXBuildFile; fileRef = 4E8DD4FB2203B1190077D85C /* CreateRideProtocolsForPassingData.swift */; };
		4E8DD4FF2203FF760077D85C /* OfferedRides.swift in Sources */ = {isa = PBXBuildFile; fileRef = 4E8DD4FE2203FF760077D85C /* OfferedRides.swift */; };
		4E9AA4E72209F67E00609E39 /* ChatViewController.swift in Sources */ = {isa = PBXBuildFile; fileRef = 4E9AA4E62209F67E00609E39 /* ChatViewController.swift */; };
		4E9AA4E92209F7BC00609E39 /* Chat.swift in Sources */ = {isa = PBXBuildFile; fileRef = 4E9AA4E82209F7BC00609E39 /* Chat.swift */; };
		4EA3D8A021F90027003D7CE7 /* SignUpViewController.swift in Sources */ = {isa = PBXBuildFile; fileRef = 4EA3D89F21F90027003D7CE7 /* SignUpViewController.swift */; };
		4EA3D8A221F90609003D7CE7 /* UITextField.swift in Sources */ = {isa = PBXBuildFile; fileRef = 4EA3D8A121F90609003D7CE7 /* UITextField.swift */; };
		4EA3D8A421F9168E003D7CE7 /* SignUp.swift in Sources */ = {isa = PBXBuildFile; fileRef = 4EA3D8A321F9168E003D7CE7 /* SignUp.swift */; };
		4EA3D8A621FA0959003D7CE7 /* OfferedRidesCollectionViewController.swift in Sources */ = {isa = PBXBuildFile; fileRef = 4EA3D8A521FA0959003D7CE7 /* OfferedRidesCollectionViewController.swift */; };
		4EA3D8A921FA0D8E003D7CE7 /* OfferedRidesCollectionViewCell.swift in Sources */ = {isa = PBXBuildFile; fileRef = 4EA3D8A821FA0D8E003D7CE7 /* OfferedRidesCollectionViewCell.swift */; };
		4EAE28F121FF5455006966E4 /* UIView+UIButtons.swift in Sources */ = {isa = PBXBuildFile; fileRef = 4EAE28F021FF5455006966E4 /* UIView+UIButtons.swift */; };
		4EAE28F321FF83D3006966E4 /* CreateRide.swift in Sources */ = {isa = PBXBuildFile; fileRef = 4EAE28F221FF83D3006966E4 /* CreateRide.swift */; };
		4EE58FA62204DB0900918778 /* RidePost.swift in Sources */ = {isa = PBXBuildFile; fileRef = 4EE58FA52204DB0900918778 /* RidePost.swift */; };
		4EE58FA822052F6900918778 /* Encodable+Decodable.swift in Sources */ = {isa = PBXBuildFile; fileRef = 4EE58FA722052F6900918778 /* Encodable+Decodable.swift */; };
		4EE58FAA220674DE00918778 /* UPoolUser.swift in Sources */ = {isa = PBXBuildFile; fileRef = 4EE58FA9220674DE00918778 /* UPoolUser.swift */; };
		4EEB91DC21F7679F0079209B /* AppDelegate.swift in Sources */ = {isa = PBXBuildFile; fileRef = 4EEB91DB21F7679F0079209B /* AppDelegate.swift */; };
		4EEB91DE21F7679F0079209B /* LoginViewController.swift in Sources */ = {isa = PBXBuildFile; fileRef = 4EEB91DD21F7679F0079209B /* LoginViewController.swift */; };
		4EEB91E121F7679F0079209B /* Main.storyboard in Resources */ = {isa = PBXBuildFile; fileRef = 4EEB91DF21F7679F0079209B /* Main.storyboard */; };
		4EEB91E321F767A10079209B /* Assets.xcassets in Resources */ = {isa = PBXBuildFile; fileRef = 4EEB91E221F767A10079209B /* Assets.xcassets */; };
		4EEB91EE21F76CA50079209B /* GoogleService-Info.plist in Resources */ = {isa = PBXBuildFile; fileRef = 4EEB91ED21F76CA50079209B /* GoogleService-Info.plist */; };
		4EEB91F021F772770079209B /* Constants.swift in Sources */ = {isa = PBXBuildFile; fileRef = 4EEB91EF21F772770079209B /* Constants.swift */; };
		4EEB91F421F773630079209B /* UIColor.swift in Sources */ = {isa = PBXBuildFile; fileRef = 4EEB91F321F773630079209B /* UIColor.swift */; };
		4EEB91F821F7A6AA0079209B /* Login.swift in Sources */ = {isa = PBXBuildFile; fileRef = 4EEB91F721F7A6AA0079209B /* Login.swift */; };
		FCD509AA7C5BACDF9B722203 /* Pods_Upool.framework in Frameworks */ = {isa = PBXBuildFile; fileRef = F908952193F9A94F806566E5 /* Pods_Upool.framework */; };
/* End PBXBuildFile section */

/* Begin PBXFileReference section */
		4E431FA621FBA4350081CA52 /* OfferedRidesSectionHeaderCollectionViewCell.swift */ = {isa = PBXFileReference; lastKnownFileType = sourcecode.swift; path = OfferedRidesSectionHeaderCollectionViewCell.swift; sourceTree = "<group>"; };
		4E431FA821FE90810081CA52 /* CreateRideViewController.swift */ = {isa = PBXFileReference; lastKnownFileType = sourcecode.swift; path = CreateRideViewController.swift; sourceTree = "<group>"; };
		4E431FAA21FE94AC0081CA52 /* RideDetailViewController.swift */ = {isa = PBXFileReference; lastKnownFileType = sourcecode.swift; path = RideDetailViewController.swift; sourceTree = "<group>"; };
		4E431FAC21FEA1F80081CA52 /* RideDetail.swift */ = {isa = PBXFileReference; lastKnownFileType = sourcecode.swift; path = RideDetail.swift; sourceTree = "<group>"; };
		4E49BFD82208C140002FB09A /* EmailSentViewController.swift */ = {isa = PBXFileReference; lastKnownFileType = sourcecode.swift; path = EmailSentViewController.swift; sourceTree = "<group>"; };
		4E49BFDA2208C9F8002FB09A /* RideRequest.swift */ = {isa = PBXFileReference; lastKnownFileType = sourcecode.swift; path = RideRequest.swift; sourceTree = "<group>"; };
		4E49BFDC2208E363002FB09A /* LaunchScreen.storyboard */ = {isa = PBXFileReference; lastKnownFileType = file.storyboard; path = LaunchScreen.storyboard; sourceTree = "<group>"; };
		4E49BFDE220928F2002FB09A /* ResetPasswordViewController.swift */ = {isa = PBXFileReference; lastKnownFileType = sourcecode.swift; path = ResetPasswordViewController.swift; sourceTree = "<group>"; };
		4E49BFE2220940FC002FB09A /* MyStatusSectionHeaderCell.swift */ = {isa = PBXFileReference; lastKnownFileType = sourcecode.swift; path = MyStatusSectionHeaderCell.swift; sourceTree = "<group>"; };
		4E49BFE42209455F002FB09A /* MyStatus.swift */ = {isa = PBXFileReference; lastKnownFileType = sourcecode.swift; path = MyStatus.swift; sourceTree = "<group>"; };
		4E8B4C712201219B002EC784 /* CreateRideCalendar.swift */ = {isa = PBXFileReference; lastKnownFileType = sourcecode.swift; path = CreateRideCalendar.swift; sourceTree = "<group>"; };
		4E8B4C732201F290002EC784 /* MyStatusViewController.swift */ = {isa = PBXFileReference; lastKnownFileType = sourcecode.swift; path = MyStatusViewController.swift; sourceTree = "<group>"; };
		4E8B4C7522023243002EC784 /* CreateRideTimePicker.swift */ = {isa = PBXFileReference; lastKnownFileType = sourcecode.swift; path = CreateRideTimePicker.swift; sourceTree = "<group>"; };
		4E8B4C7722023A43002EC784 /* SearchLocationViewController.swift */ = {isa = PBXFileReference; lastKnownFileType = sourcecode.swift; path = SearchLocationViewController.swift; sourceTree = "<group>"; };
		4E8DD4FB2203B1190077D85C /* CreateRideProtocolsForPassingData.swift */ = {isa = PBXFileReference; lastKnownFileType = sourcecode.swift; path = CreateRideProtocolsForPassingData.swift; sourceTree = "<group>"; };
		4E8DD4FE2203FF760077D85C /* OfferedRides.swift */ = {isa = PBXFileReference; lastKnownFileType = sourcecode.swift; path = OfferedRides.swift; sourceTree = "<group>"; };
		4E9AA4E62209F67E00609E39 /* ChatViewController.swift */ = {isa = PBXFileReference; lastKnownFileType = sourcecode.swift; path = ChatViewController.swift; sourceTree = "<group>"; };
		4E9AA4E82209F7BC00609E39 /* Chat.swift */ = {isa = PBXFileReference; lastKnownFileType = sourcecode.swift; path = Chat.swift; sourceTree = "<group>"; };
		4EA3D89F21F90027003D7CE7 /* SignUpViewController.swift */ = {isa = PBXFileReference; lastKnownFileType = sourcecode.swift; path = SignUpViewController.swift; sourceTree = "<group>"; };
		4EA3D8A121F90609003D7CE7 /* UITextField.swift */ = {isa = PBXFileReference; lastKnownFileType = sourcecode.swift; path = UITextField.swift; sourceTree = "<group>"; };
		4EA3D8A321F9168E003D7CE7 /* SignUp.swift */ = {isa = PBXFileReference; lastKnownFileType = sourcecode.swift; path = SignUp.swift; sourceTree = "<group>"; };
		4EA3D8A521FA0959003D7CE7 /* OfferedRidesCollectionViewController.swift */ = {isa = PBXFileReference; lastKnownFileType = sourcecode.swift; path = OfferedRidesCollectionViewController.swift; sourceTree = "<group>"; };
		4EA3D8A821FA0D8E003D7CE7 /* OfferedRidesCollectionViewCell.swift */ = {isa = PBXFileReference; lastKnownFileType = sourcecode.swift; path = OfferedRidesCollectionViewCell.swift; sourceTree = "<group>"; };
		4EAE28F021FF5455006966E4 /* UIView+UIButtons.swift */ = {isa = PBXFileReference; lastKnownFileType = sourcecode.swift; path = "UIView+UIButtons.swift"; sourceTree = "<group>"; };
		4EAE28F221FF83D3006966E4 /* CreateRide.swift */ = {isa = PBXFileReference; lastKnownFileType = sourcecode.swift; path = CreateRide.swift; sourceTree = "<group>"; };
		4EE58FA52204DB0900918778 /* RidePost.swift */ = {isa = PBXFileReference; lastKnownFileType = sourcecode.swift; path = RidePost.swift; sourceTree = "<group>"; };
		4EE58FA722052F6900918778 /* Encodable+Decodable.swift */ = {isa = PBXFileReference; lastKnownFileType = sourcecode.swift; path = "Encodable+Decodable.swift"; sourceTree = "<group>"; };
		4EE58FA9220674DE00918778 /* UPoolUser.swift */ = {isa = PBXFileReference; lastKnownFileType = sourcecode.swift; path = UPoolUser.swift; sourceTree = "<group>"; };
		4EEB91D821F7679F0079209B /* Upool.app */ = {isa = PBXFileReference; explicitFileType = wrapper.application; includeInIndex = 0; path = Upool.app; sourceTree = BUILT_PRODUCTS_DIR; };
		4EEB91DB21F7679F0079209B /* AppDelegate.swift */ = {isa = PBXFileReference; lastKnownFileType = sourcecode.swift; path = AppDelegate.swift; sourceTree = "<group>"; };
		4EEB91DD21F7679F0079209B /* LoginViewController.swift */ = {isa = PBXFileReference; lastKnownFileType = sourcecode.swift; path = LoginViewController.swift; sourceTree = "<group>"; };
		4EEB91E021F7679F0079209B /* Base */ = {isa = PBXFileReference; lastKnownFileType = file.storyboard; name = Base; path = Base.lproj/Main.storyboard; sourceTree = "<group>"; };
		4EEB91E221F767A10079209B /* Assets.xcassets */ = {isa = PBXFileReference; lastKnownFileType = folder.assetcatalog; path = Assets.xcassets; sourceTree = "<group>"; };
		4EEB91E721F767A10079209B /* Info.plist */ = {isa = PBXFileReference; lastKnownFileType = text.plist.xml; path = Info.plist; sourceTree = "<group>"; };
		4EEB91ED21F76CA50079209B /* GoogleService-Info.plist */ = {isa = PBXFileReference; fileEncoding = 4; lastKnownFileType = text.plist.xml; path = "GoogleService-Info.plist"; sourceTree = "<group>"; };
		4EEB91EF21F772770079209B /* Constants.swift */ = {isa = PBXFileReference; lastKnownFileType = sourcecode.swift; path = Constants.swift; sourceTree = "<group>"; };
		4EEB91F321F773630079209B /* UIColor.swift */ = {isa = PBXFileReference; lastKnownFileType = sourcecode.swift; path = UIColor.swift; sourceTree = "<group>"; };
		4EEB91F721F7A6AA0079209B /* Login.swift */ = {isa = PBXFileReference; lastKnownFileType = sourcecode.swift; path = Login.swift; sourceTree = "<group>"; };
		991ABBFE84A7A90833986D7F /* Pods-Upool.release.xcconfig */ = {isa = PBXFileReference; includeInIndex = 1; lastKnownFileType = text.xcconfig; name = "Pods-Upool.release.xcconfig"; path = "Pods/Target Support Files/Pods-Upool/Pods-Upool.release.xcconfig"; sourceTree = "<group>"; };
		DA832B2CAE8C7D81DA9D837A /* Pods-Upool.debug.xcconfig */ = {isa = PBXFileReference; includeInIndex = 1; lastKnownFileType = text.xcconfig; name = "Pods-Upool.debug.xcconfig"; path = "Pods/Target Support Files/Pods-Upool/Pods-Upool.debug.xcconfig"; sourceTree = "<group>"; };
		F908952193F9A94F806566E5 /* Pods_Upool.framework */ = {isa = PBXFileReference; explicitFileType = wrapper.framework; includeInIndex = 0; path = Pods_Upool.framework; sourceTree = BUILT_PRODUCTS_DIR; };
/* End PBXFileReference section */

/* Begin PBXFrameworksBuildPhase section */
		4EEB91D521F7679F0079209B /* Frameworks */ = {
			isa = PBXFrameworksBuildPhase;
			buildActionMask = 2147483647;
			files = (
				FCD509AA7C5BACDF9B722203 /* Pods_Upool.framework in Frameworks */,
			);
			runOnlyForDeploymentPostprocessing = 0;
		};
/* End PBXFrameworksBuildPhase section */

/* Begin PBXGroup section */
		4E49BFD72208C115002FB09A /* SignUp */ = {
			isa = PBXGroup;
			children = (
				4EA3D89F21F90027003D7CE7 /* SignUpViewController.swift */,
				4E49BFD82208C140002FB09A /* EmailSentViewController.swift */,
				4E49BFDE220928F2002FB09A /* ResetPasswordViewController.swift */,
			);
			path = SignUp;
			sourceTree = "<group>";
		};
		4E8B4C7022012183002EC784 /* CreateRide */ = {
			isa = PBXGroup;
			children = (
				4EAE28F221FF83D3006966E4 /* CreateRide.swift */,
				4E8B4C712201219B002EC784 /* CreateRideCalendar.swift */,
				4E8B4C7522023243002EC784 /* CreateRideTimePicker.swift */,
				4E8DD4FB2203B1190077D85C /* CreateRideProtocolsForPassingData.swift */,
			);
			path = CreateRide;
			sourceTree = "<group>";
		};
		4E8DD4FD2203F6F90077D85C /* Model */ = {
			isa = PBXGroup;
			children = (
				4EE58FA52204DB0900918778 /* RidePost.swift */,
				4EE58FA9220674DE00918778 /* UPoolUser.swift */,
				4E49BFDA2208C9F8002FB09A /* RideRequest.swift */,
			);
			path = Model;
			sourceTree = "<group>";
		};
		4E9AA4E22209F5B700609E39 /* Login */ = {
			isa = PBXGroup;
			children = (
				4EEB91DD21F7679F0079209B /* LoginViewController.swift */,
			);
			path = Login;
			sourceTree = "<group>";
		};
		4E9AA4E32209F5C600609E39 /* OfferedRides */ = {
			isa = PBXGroup;
			children = (
				4EA3D8A521FA0959003D7CE7 /* OfferedRidesCollectionViewController.swift */,
				4E431FA821FE90810081CA52 /* CreateRideViewController.swift */,
				4E8B4C7722023A43002EC784 /* SearchLocationViewController.swift */,
				4E431FAA21FE94AC0081CA52 /* RideDetailViewController.swift */,
			);
			path = OfferedRides;
			sourceTree = "<group>";
		};
		4E9AA4E42209F5DE00609E39 /* My Status */ = {
			isa = PBXGroup;
			children = (
				4E8B4C732201F290002EC784 /* MyStatusViewController.swift */,
			);
			path = "My Status";
			sourceTree = "<group>";
		};
		4E9AA4E52209F66500609E39 /* Chat */ = {
			isa = PBXGroup;
			children = (
				4E9AA4E62209F67E00609E39 /* ChatViewController.swift */,
			);
			path = Chat;
			sourceTree = "<group>";
		};
		4EA3D8A721FA0D66003D7CE7 /* CellsAndLayout */ = {
			isa = PBXGroup;
			children = (
				4EA3D8A821FA0D8E003D7CE7 /* OfferedRidesCollectionViewCell.swift */,
				4E431FA621FBA4350081CA52 /* OfferedRidesSectionHeaderCollectionViewCell.swift */,
				4E49BFE2220940FC002FB09A /* MyStatusSectionHeaderCell.swift */,
			);
			path = CellsAndLayout;
			sourceTree = "<group>";
		};
		4EEB91CF21F7679F0079209B = {
			isa = PBXGroup;
			children = (
				4EEB91DA21F7679F0079209B /* Upool */,
				4EEB91D921F7679F0079209B /* Products */,
				890F360013E6CF1C0CD188D0 /* Pods */,
				C6DF5E9472BC576474C9F3A7 /* Frameworks */,
			);
			sourceTree = "<group>";
		};
		4EEB91D921F7679F0079209B /* Products */ = {
			isa = PBXGroup;
			children = (
				4EEB91D821F7679F0079209B /* Upool.app */,
			);
			name = Products;
			sourceTree = "<group>";
		};
		4EEB91DA21F7679F0079209B /* Upool */ = {
			isa = PBXGroup;
			children = (
				4EEB91DB21F7679F0079209B /* AppDelegate.swift */,
				4E8DD4FD2203F6F90077D85C /* Model */,
				4EEB91F621F7A6880079209B /* View */,
				4EEB91F521F775B50079209B /* ViewControllers */,
				4EEB91F221F7734D0079209B /* Extensions */,
				4EEB91F121F772800079209B /* Constants */,
				4EEB91DF21F7679F0079209B /* Main.storyboard */,
				4E49BFDC2208E363002FB09A /* LaunchScreen.storyboard */,
				4EEB91E221F767A10079209B /* Assets.xcassets */,
				4EEB91E721F767A10079209B /* Info.plist */,
				4EEB91ED21F76CA50079209B /* GoogleService-Info.plist */,
			);
			path = Upool;
			sourceTree = "<group>";
		};
		4EEB91F121F772800079209B /* Constants */ = {
			isa = PBXGroup;
			children = (
				4EEB91EF21F772770079209B /* Constants.swift */,
			);
			path = Constants;
			sourceTree = "<group>";
		};
		4EEB91F221F7734D0079209B /* Extensions */ = {
			isa = PBXGroup;
			children = (
				4EEB91F321F773630079209B /* UIColor.swift */,
				4EA3D8A121F90609003D7CE7 /* UITextField.swift */,
				4EAE28F021FF5455006966E4 /* UIView+UIButtons.swift */,
				4EE58FA722052F6900918778 /* Encodable+Decodable.swift */,
			);
			path = Extensions;
			sourceTree = "<group>";
		};
		4EEB91F521F775B50079209B /* ViewControllers */ = {
			isa = PBXGroup;
			children = (
				4E9AA4E22209F5B700609E39 /* Login */,
				4E49BFD72208C115002FB09A /* SignUp */,
				4E9AA4E32209F5C600609E39 /* OfferedRides */,
				4E9AA4E42209F5DE00609E39 /* My Status */,
				4E9AA4E52209F66500609E39 /* Chat */,
			);
			path = ViewControllers;
			sourceTree = "<group>";
		};
		4EEB91F621F7A6880079209B /* View */ = {
			isa = PBXGroup;
			children = (
				4EEB91F721F7A6AA0079209B /* Login.swift */,
				4EA3D8A321F9168E003D7CE7 /* SignUp.swift */,
				4E8DD4FE2203FF760077D85C /* OfferedRides.swift */,
				4E431FAC21FEA1F80081CA52 /* RideDetail.swift */,
				4E49BFE42209455F002FB09A /* MyStatus.swift */,
				4E9AA4E82209F7BC00609E39 /* Chat.swift */,
				4E8B4C7022012183002EC784 /* CreateRide */,
				4EA3D8A721FA0D66003D7CE7 /* CellsAndLayout */,
			);
			path = View;
			sourceTree = "<group>";
		};
		890F360013E6CF1C0CD188D0 /* Pods */ = {
			isa = PBXGroup;
			children = (
				DA832B2CAE8C7D81DA9D837A /* Pods-Upool.debug.xcconfig */,
				991ABBFE84A7A90833986D7F /* Pods-Upool.release.xcconfig */,
			);
			name = Pods;
			sourceTree = "<group>";
		};
		C6DF5E9472BC576474C9F3A7 /* Frameworks */ = {
			isa = PBXGroup;
			children = (
				F908952193F9A94F806566E5 /* Pods_Upool.framework */,
			);
			name = Frameworks;
			sourceTree = "<group>";
		};
/* End PBXGroup section */

/* Begin PBXNativeTarget section */
		4EEB91D721F7679F0079209B /* Upool */ = {
			isa = PBXNativeTarget;
			buildConfigurationList = 4EEB91EA21F767A10079209B /* Build configuration list for PBXNativeTarget "Upool" */;
			buildPhases = (
				B5937E6E45A96CFCF10E4F40 /* [CP] Check Pods Manifest.lock */,
				4EEB91D421F7679F0079209B /* Sources */,
				4EEB91D521F7679F0079209B /* Frameworks */,
				4EEB91D621F7679F0079209B /* Resources */,
				46267DAFFC5DE8DA07700F73 /* [CP] Embed Pods Frameworks */,
				0655C281E2027C106898B56B /* [CP] Copy Pods Resources */,
			);
			buildRules = (
			);
			dependencies = (
			);
			name = Upool;
			productName = Upool;
			productReference = 4EEB91D821F7679F0079209B /* Upool.app */;
			productType = "com.apple.product-type.application";
		};
/* End PBXNativeTarget section */

/* Begin PBXProject section */
		4EEB91D021F7679F0079209B /* Project object */ = {
			isa = PBXProject;
			attributes = {
				LastSwiftUpdateCheck = 1010;
				LastUpgradeCheck = 1010;
				ORGANIZATIONNAME = anthonyLee;
				TargetAttributes = {
					4EEB91D721F7679F0079209B = {
						CreatedOnToolsVersion = 10.1;
					};
				};
			};
			buildConfigurationList = 4EEB91D321F7679F0079209B /* Build configuration list for PBXProject "Upool" */;
			compatibilityVersion = "Xcode 9.3";
			developmentRegion = en;
			hasScannedForEncodings = 0;
			knownRegions = (
				en,
				Base,
			);
			mainGroup = 4EEB91CF21F7679F0079209B;
			productRefGroup = 4EEB91D921F7679F0079209B /* Products */;
			projectDirPath = "";
			projectRoot = "";
			targets = (
				4EEB91D721F7679F0079209B /* Upool */,
			);
		};
/* End PBXProject section */

/* Begin PBXResourcesBuildPhase section */
		4EEB91D621F7679F0079209B /* Resources */ = {
			isa = PBXResourcesBuildPhase;
			buildActionMask = 2147483647;
			files = (
				4EEB91EE21F76CA50079209B /* GoogleService-Info.plist in Resources */,
				4E49BFDD2208E363002FB09A /* LaunchScreen.storyboard in Resources */,
				4EEB91E321F767A10079209B /* Assets.xcassets in Resources */,
				4EEB91E121F7679F0079209B /* Main.storyboard in Resources */,
			);
			runOnlyForDeploymentPostprocessing = 0;
		};
/* End PBXResourcesBuildPhase section */

/* Begin PBXShellScriptBuildPhase section */
		0655C281E2027C106898B56B /* [CP] Copy Pods Resources */ = {
			isa = PBXShellScriptBuildPhase;
			buildActionMask = 2147483647;
			files = (
			);
			inputFileListPaths = (
			);
			inputPaths = (
				"${SRCROOT}/Pods/Target Support Files/Pods-Upool/Pods-Upool-resources.sh",
				"${PODS_ROOT}/GoogleMaps/Maps/Frameworks/GoogleMaps.framework/Resources/GoogleMaps.bundle",
				"${PODS_ROOT}/GooglePlaces/Frameworks/GooglePlaces.framework/Resources/GooglePlaces.bundle",
			);
			name = "[CP] Copy Pods Resources";
			outputFileListPaths = (
			);
			outputPaths = (
				"${TARGET_BUILD_DIR}/${UNLOCALIZED_RESOURCES_FOLDER_PATH}/GoogleMaps.bundle",
				"${TARGET_BUILD_DIR}/${UNLOCALIZED_RESOURCES_FOLDER_PATH}/GooglePlaces.bundle",
			);
			runOnlyForDeploymentPostprocessing = 0;
			shellPath = /bin/sh;
			shellScript = "\"${SRCROOT}/Pods/Target Support Files/Pods-Upool/Pods-Upool-resources.sh\"\n";
			showEnvVarsInLog = 0;
		};
		46267DAFFC5DE8DA07700F73 /* [CP] Embed Pods Frameworks */ = {
			isa = PBXShellScriptBuildPhase;
			buildActionMask = 2147483647;
			files = (
			);
			inputFileListPaths = (
			);
			inputPaths = (
				"${SRCROOT}/Pods/Target Support Files/Pods-Upool/Pods-Upool-frameworks.sh",
				"${BUILT_PRODUCTS_DIR}/BoringSSL/openssl.framework",
				"${BUILT_PRODUCTS_DIR}/Cosmos/Cosmos.framework",
				"${BUILT_PRODUCTS_DIR}/GTMSessionFetcher/GTMSessionFetcher.framework",
				"${BUILT_PRODUCTS_DIR}/GoogleUtilities/GoogleUtilities.framework",
				"${BUILT_PRODUCTS_DIR}/KDCalendar/KDCalendar.framework",
				"${BUILT_PRODUCTS_DIR}/Protobuf/Protobuf.framework",
				"${BUILT_PRODUCTS_DIR}/gRPC/GRPCClient.framework",
				"${BUILT_PRODUCTS_DIR}/gRPC-C++/grpcpp.framework",
				"${BUILT_PRODUCTS_DIR}/gRPC-Core/grpc.framework",
				"${BUILT_PRODUCTS_DIR}/gRPC-ProtoRPC/ProtoRPC.framework",
				"${BUILT_PRODUCTS_DIR}/gRPC-RxLibrary/RxLibrary.framework",
				"${BUILT_PRODUCTS_DIR}/leveldb-library/leveldb.framework",
				"${BUILT_PRODUCTS_DIR}/nanopb/nanopb.framework",
			);
			name = "[CP] Embed Pods Frameworks";
			outputFileListPaths = (
			);
			outputPaths = (
				"${TARGET_BUILD_DIR}/${FRAMEWORKS_FOLDER_PATH}/openssl.framework",
				"${TARGET_BUILD_DIR}/${FRAMEWORKS_FOLDER_PATH}/Cosmos.framework",
				"${TARGET_BUILD_DIR}/${FRAMEWORKS_FOLDER_PATH}/GTMSessionFetcher.framework",
				"${TARGET_BUILD_DIR}/${FRAMEWORKS_FOLDER_PATH}/GoogleUtilities.framework",
				"${TARGET_BUILD_DIR}/${FRAMEWORKS_FOLDER_PATH}/KDCalendar.framework",
				"${TARGET_BUILD_DIR}/${FRAMEWORKS_FOLDER_PATH}/Protobuf.framework",
				"${TARGET_BUILD_DIR}/${FRAMEWORKS_FOLDER_PATH}/GRPCClient.framework",
				"${TARGET_BUILD_DIR}/${FRAMEWORKS_FOLDER_PATH}/grpcpp.framework",
				"${TARGET_BUILD_DIR}/${FRAMEWORKS_FOLDER_PATH}/grpc.framework",
				"${TARGET_BUILD_DIR}/${FRAMEWORKS_FOLDER_PATH}/ProtoRPC.framework",
				"${TARGET_BUILD_DIR}/${FRAMEWORKS_FOLDER_PATH}/RxLibrary.framework",
				"${TARGET_BUILD_DIR}/${FRAMEWORKS_FOLDER_PATH}/leveldb.framework",
				"${TARGET_BUILD_DIR}/${FRAMEWORKS_FOLDER_PATH}/nanopb.framework",
			);
			runOnlyForDeploymentPostprocessing = 0;
			shellPath = /bin/sh;
			shellScript = "\"${SRCROOT}/Pods/Target Support Files/Pods-Upool/Pods-Upool-frameworks.sh\"\n";
			showEnvVarsInLog = 0;
		};
		B5937E6E45A96CFCF10E4F40 /* [CP] Check Pods Manifest.lock */ = {
			isa = PBXShellScriptBuildPhase;
			buildActionMask = 2147483647;
			files = (
			);
			inputFileListPaths = (
			);
			inputPaths = (
				"${PODS_PODFILE_DIR_PATH}/Podfile.lock",
				"${PODS_ROOT}/Manifest.lock",
			);
			name = "[CP] Check Pods Manifest.lock";
			outputFileListPaths = (
			);
			outputPaths = (
				"$(DERIVED_FILE_DIR)/Pods-Upool-checkManifestLockResult.txt",
			);
			runOnlyForDeploymentPostprocessing = 0;
			shellPath = /bin/sh;
			shellScript = "diff \"${PODS_PODFILE_DIR_PATH}/Podfile.lock\" \"${PODS_ROOT}/Manifest.lock\" > /dev/null\nif [ $? != 0 ] ; then\n    # print error to STDERR\n    echo \"error: The sandbox is not in sync with the Podfile.lock. Run 'pod install' or update your CocoaPods installation.\" >&2\n    exit 1\nfi\n# This output is used by Xcode 'outputs' to avoid re-running this script phase.\necho \"SUCCESS\" > \"${SCRIPT_OUTPUT_FILE_0}\"\n";
			showEnvVarsInLog = 0;
		};
/* End PBXShellScriptBuildPhase section */

/* Begin PBXSourcesBuildPhase section */
		4EEB91D421F7679F0079209B /* Sources */ = {
			isa = PBXSourcesBuildPhase;
			buildActionMask = 2147483647;
			files = (
				4E431FA921FE90810081CA52 /* CreateRideViewController.swift in Sources */,
				4EA3D8A921FA0D8E003D7CE7 /* OfferedRidesCollectionViewCell.swift in Sources */,
				4EA3D8A021F90027003D7CE7 /* SignUpViewController.swift in Sources */,
				4E49BFE52209455F002FB09A /* MyStatus.swift in Sources */,
				4EE58FAA220674DE00918778 /* UPoolUser.swift in Sources */,
				4E9AA4E92209F7BC00609E39 /* Chat.swift in Sources */,
				4EAE28F321FF83D3006966E4 /* CreateRide.swift in Sources */,
				4EEB91DE21F7679F0079209B /* LoginViewController.swift in Sources */,
				4E8DD4FF2203FF760077D85C /* OfferedRides.swift in Sources */,
				4E431FAD21FEA1F80081CA52 /* RideDetail.swift in Sources */,
				4EE58FA822052F6900918778 /* Encodable+Decodable.swift in Sources */,
				4E8B4C7622023243002EC784 /* CreateRideTimePicker.swift in Sources */,
				4E8B4C7822023A43002EC784 /* SearchLocationViewController.swift in Sources */,
				4E8B4C742201F290002EC784 /* MyStatusViewController.swift in Sources */,
				4EA3D8A221F90609003D7CE7 /* UITextField.swift in Sources */,
				4E431FA721FBA4350081CA52 /* OfferedRidesSectionHeaderCollectionViewCell.swift in Sources */,
				4EE58FA62204DB0900918778 /* RidePost.swift in Sources */,
				4EEB91F821F7A6AA0079209B /* Login.swift in Sources */,
				4EA3D8A621FA0959003D7CE7 /* OfferedRidesCollectionViewController.swift in Sources */,
				4E431FAB21FE94AC0081CA52 /* RideDetailViewController.swift in Sources */,
				4EAE28F121FF5455006966E4 /* UIView+UIButtons.swift in Sources */,
				4E49BFDB2208C9F8002FB09A /* RideRequest.swift in Sources */,
				4EEB91F421F773630079209B /* UIColor.swift in Sources */,
				4EA3D8A421F9168E003D7CE7 /* SignUp.swift in Sources */,
				4E8DD4FC2203B1190077D85C /* CreateRideProtocolsForPassingData.swift in Sources */,
				4E49BFE3220940FC002FB09A /* MyStatusSectionHeaderCell.swift in Sources */,
				4EEB91F021F772770079209B /* Constants.swift in Sources */,
				4E8B4C722201219B002EC784 /* CreateRideCalendar.swift in Sources */,
				4EEB91DC21F7679F0079209B /* AppDelegate.swift in Sources */,
				4E49BFD92208C140002FB09A /* EmailSentViewController.swift in Sources */,
				4E49BFDF220928F2002FB09A /* ResetPasswordViewController.swift in Sources */,
				4E9AA4E72209F67E00609E39 /* ChatViewController.swift in Sources */,
			);
			runOnlyForDeploymentPostprocessing = 0;
		};
/* End PBXSourcesBuildPhase section */

/* Begin PBXVariantGroup section */
		4EEB91DF21F7679F0079209B /* Main.storyboard */ = {
			isa = PBXVariantGroup;
			children = (
				4EEB91E021F7679F0079209B /* Base */,
			);
			name = Main.storyboard;
			sourceTree = "<group>";
		};
/* End PBXVariantGroup section */

/* Begin XCBuildConfiguration section */
		4EEB91E821F767A10079209B /* Debug */ = {
			isa = XCBuildConfiguration;
			buildSettings = {
				ALWAYS_SEARCH_USER_PATHS = NO;
				CLANG_ANALYZER_NONNULL = YES;
				CLANG_ANALYZER_NUMBER_OBJECT_CONVERSION = YES_AGGRESSIVE;
				CLANG_CXX_LANGUAGE_STANDARD = "gnu++14";
				CLANG_CXX_LIBRARY = "libc++";
				CLANG_ENABLE_MODULES = YES;
				CLANG_ENABLE_OBJC_ARC = YES;
				CLANG_ENABLE_OBJC_WEAK = YES;
				CLANG_WARN_BLOCK_CAPTURE_AUTORELEASING = YES;
				CLANG_WARN_BOOL_CONVERSION = YES;
				CLANG_WARN_COMMA = YES;
				CLANG_WARN_CONSTANT_CONVERSION = YES;
				CLANG_WARN_DEPRECATED_OBJC_IMPLEMENTATIONS = YES;
				CLANG_WARN_DIRECT_OBJC_ISA_USAGE = YES_ERROR;
				CLANG_WARN_DOCUMENTATION_COMMENTS = YES;
				CLANG_WARN_EMPTY_BODY = YES;
				CLANG_WARN_ENUM_CONVERSION = YES;
				CLANG_WARN_INFINITE_RECURSION = YES;
				CLANG_WARN_INT_CONVERSION = YES;
				CLANG_WARN_NON_LITERAL_NULL_CONVERSION = YES;
				CLANG_WARN_OBJC_IMPLICIT_RETAIN_SELF = YES;
				CLANG_WARN_OBJC_LITERAL_CONVERSION = YES;
				CLANG_WARN_OBJC_ROOT_CLASS = YES_ERROR;
				CLANG_WARN_RANGE_LOOP_ANALYSIS = YES;
				CLANG_WARN_STRICT_PROTOTYPES = YES;
				CLANG_WARN_SUSPICIOUS_MOVE = YES;
				CLANG_WARN_UNGUARDED_AVAILABILITY = YES_AGGRESSIVE;
				CLANG_WARN_UNREACHABLE_CODE = YES;
				CLANG_WARN__DUPLICATE_METHOD_MATCH = YES;
				CODE_SIGN_IDENTITY = "iPhone Developer";
				COPY_PHASE_STRIP = NO;
				DEBUG_INFORMATION_FORMAT = dwarf;
				ENABLE_STRICT_OBJC_MSGSEND = YES;
				ENABLE_TESTABILITY = YES;
				GCC_C_LANGUAGE_STANDARD = gnu11;
				GCC_DYNAMIC_NO_PIC = NO;
				GCC_NO_COMMON_BLOCKS = YES;
				GCC_OPTIMIZATION_LEVEL = 0;
				GCC_PREPROCESSOR_DEFINITIONS = (
					"DEBUG=1",
					"$(inherited)",
				);
				GCC_WARN_64_TO_32_BIT_CONVERSION = YES;
				GCC_WARN_ABOUT_RETURN_TYPE = YES_ERROR;
				GCC_WARN_UNDECLARED_SELECTOR = YES;
				GCC_WARN_UNINITIALIZED_AUTOS = YES_AGGRESSIVE;
				GCC_WARN_UNUSED_FUNCTION = YES;
				GCC_WARN_UNUSED_VARIABLE = YES;
				IPHONEOS_DEPLOYMENT_TARGET = 12.1;
				MTL_ENABLE_DEBUG_INFO = INCLUDE_SOURCE;
				MTL_FAST_MATH = YES;
				ONLY_ACTIVE_ARCH = YES;
				SDKROOT = iphoneos;
				SWIFT_ACTIVE_COMPILATION_CONDITIONS = DEBUG;
				SWIFT_OPTIMIZATION_LEVEL = "-Onone";
			};
			name = Debug;
		};
		4EEB91E921F767A10079209B /* Release */ = {
			isa = XCBuildConfiguration;
			buildSettings = {
				ALWAYS_SEARCH_USER_PATHS = NO;
				CLANG_ANALYZER_NONNULL = YES;
				CLANG_ANALYZER_NUMBER_OBJECT_CONVERSION = YES_AGGRESSIVE;
				CLANG_CXX_LANGUAGE_STANDARD = "gnu++14";
				CLANG_CXX_LIBRARY = "libc++";
				CLANG_ENABLE_MODULES = YES;
				CLANG_ENABLE_OBJC_ARC = YES;
				CLANG_ENABLE_OBJC_WEAK = YES;
				CLANG_WARN_BLOCK_CAPTURE_AUTORELEASING = YES;
				CLANG_WARN_BOOL_CONVERSION = YES;
				CLANG_WARN_COMMA = YES;
				CLANG_WARN_CONSTANT_CONVERSION = YES;
				CLANG_WARN_DEPRECATED_OBJC_IMPLEMENTATIONS = YES;
				CLANG_WARN_DIRECT_OBJC_ISA_USAGE = YES_ERROR;
				CLANG_WARN_DOCUMENTATION_COMMENTS = YES;
				CLANG_WARN_EMPTY_BODY = YES;
				CLANG_WARN_ENUM_CONVERSION = YES;
				CLANG_WARN_INFINITE_RECURSION = YES;
				CLANG_WARN_INT_CONVERSION = YES;
				CLANG_WARN_NON_LITERAL_NULL_CONVERSION = YES;
				CLANG_WARN_OBJC_IMPLICIT_RETAIN_SELF = YES;
				CLANG_WARN_OBJC_LITERAL_CONVERSION = YES;
				CLANG_WARN_OBJC_ROOT_CLASS = YES_ERROR;
				CLANG_WARN_RANGE_LOOP_ANALYSIS = YES;
				CLANG_WARN_STRICT_PROTOTYPES = YES;
				CLANG_WARN_SUSPICIOUS_MOVE = YES;
				CLANG_WARN_UNGUARDED_AVAILABILITY = YES_AGGRESSIVE;
				CLANG_WARN_UNREACHABLE_CODE = YES;
				CLANG_WARN__DUPLICATE_METHOD_MATCH = YES;
				CODE_SIGN_IDENTITY = "iPhone Developer";
				COPY_PHASE_STRIP = NO;
				DEBUG_INFORMATION_FORMAT = "dwarf-with-dsym";
				ENABLE_NS_ASSERTIONS = NO;
				ENABLE_STRICT_OBJC_MSGSEND = YES;
				GCC_C_LANGUAGE_STANDARD = gnu11;
				GCC_NO_COMMON_BLOCKS = YES;
				GCC_WARN_64_TO_32_BIT_CONVERSION = YES;
				GCC_WARN_ABOUT_RETURN_TYPE = YES_ERROR;
				GCC_WARN_UNDECLARED_SELECTOR = YES;
				GCC_WARN_UNINITIALIZED_AUTOS = YES_AGGRESSIVE;
				GCC_WARN_UNUSED_FUNCTION = YES;
				GCC_WARN_UNUSED_VARIABLE = YES;
				IPHONEOS_DEPLOYMENT_TARGET = 12.1;
				MTL_ENABLE_DEBUG_INFO = NO;
				MTL_FAST_MATH = YES;
				SDKROOT = iphoneos;
				SWIFT_COMPILATION_MODE = wholemodule;
				SWIFT_OPTIMIZATION_LEVEL = "-O";
				VALIDATE_PRODUCT = YES;
			};
			name = Release;
		};
		4EEB91EB21F767A10079209B /* Debug */ = {
			isa = XCBuildConfiguration;
			baseConfigurationReference = DA832B2CAE8C7D81DA9D837A /* Pods-Upool.debug.xcconfig */;
			buildSettings = {
				ASSETCATALOG_COMPILER_APPICON_NAME = AppIcon;
				CODE_SIGN_STYLE = Automatic;
				DEVELOPMENT_TEAM = PYK34TKJT5;
				INFOPLIST_FILE = Upool/Info.plist;
				LD_RUNPATH_SEARCH_PATHS = (
					"$(inherited)",
					"@executable_path/Frameworks",
				);
				PRODUCT_BUNDLE_IDENTIFIER = anthonylee.Upool;
				PRODUCT_NAME = "$(TARGET_NAME)";
				SWIFT_VERSION = 4.2;
				TARGETED_DEVICE_FAMILY = "1,2";
			};
			name = Debug;
		};
		4EEB91EC21F767A10079209B /* Release */ = {
			isa = XCBuildConfiguration;
			baseConfigurationReference = 991ABBFE84A7A90833986D7F /* Pods-Upool.release.xcconfig */;
			buildSettings = {
				ASSETCATALOG_COMPILER_APPICON_NAME = AppIcon;
				CODE_SIGN_STYLE = Automatic;
				DEVELOPMENT_TEAM = PYK34TKJT5;
				INFOPLIST_FILE = Upool/Info.plist;
				LD_RUNPATH_SEARCH_PATHS = (
					"$(inherited)",
					"@executable_path/Frameworks",
				);
				PRODUCT_BUNDLE_IDENTIFIER = anthonylee.Upool;
				PRODUCT_NAME = "$(TARGET_NAME)";
				SWIFT_VERSION = 4.2;
				TARGETED_DEVICE_FAMILY = "1,2";
			};
			name = Release;
		};
/* End XCBuildConfiguration section */

/* Begin XCConfigurationList section */
		4EEB91D321F7679F0079209B /* Build configuration list for PBXProject "Upool" */ = {
			isa = XCConfigurationList;
			buildConfigurations = (
				4EEB91E821F767A10079209B /* Debug */,
				4EEB91E921F767A10079209B /* Release */,
			);
			defaultConfigurationIsVisible = 0;
			defaultConfigurationName = Release;
		};
		4EEB91EA21F767A10079209B /* Build configuration list for PBXNativeTarget "Upool" */ = {
			isa = XCConfigurationList;
			buildConfigurations = (
				4EEB91EB21F767A10079209B /* Debug */,
				4EEB91EC21F767A10079209B /* Release */,
			);
			defaultConfigurationIsVisible = 0;
			defaultConfigurationName = Release;
		};
/* End XCConfigurationList section */
	};
	rootObject = 4EEB91D021F7679F0079209B /* Project object */;
}
